// !$*UTF8*$!
{
	archiveVersion = 1;
	classes = {
	};
	objectVersion = 55;
	objects = {

/* Begin PBXBuildFile section */
		38F5C55B27ED509900E154C1 /* BitcoinActPriceApp.swift in Sources */ = {isa = PBXBuildFile; fileRef = 38F5C55A27ED509900E154C1 /* BitcoinActPriceApp.swift */; };
		38F5C55D27ED509900E154C1 /* MainView.swift in Sources */ = {isa = PBXBuildFile; fileRef = 38F5C55C27ED509900E154C1 /* MainView.swift */; };
		38F5C55F27ED509B00E154C1 /* Assets.xcassets in Resources */ = {isa = PBXBuildFile; fileRef = 38F5C55E27ED509B00E154C1 /* Assets.xcassets */; };
		38F5C56227ED509B00E154C1 /* Preview Assets.xcassets in Resources */ = {isa = PBXBuildFile; fileRef = 38F5C56127ED509B00E154C1 /* Preview Assets.xcassets */; };
		38F5C56B27ED50BA00E154C1 /* Alamofire in Frameworks */ = {isa = PBXBuildFile; productRef = 38F5C56A27ED50BA00E154C1 /* Alamofire */; };
		38F5C56E27ED50FA00E154C1 /* SwiftUICharts in Frameworks */ = {isa = PBXBuildFile; productRef = 38F5C56D27ED50FA00E154C1 /* SwiftUICharts */; };
		38F5C57327ED514100E154C1 /* SettingsView.swift in Sources */ = {isa = PBXBuildFile; fileRef = 38F5C57227ED514100E154C1 /* SettingsView.swift */; };
		38F5C57527ED514D00E154C1 /* MainController.swift in Sources */ = {isa = PBXBuildFile; fileRef = 38F5C57427ED514D00E154C1 /* MainController.swift */; };
		38F5C57727ED515B00E154C1 /* MainModel.swift in Sources */ = {isa = PBXBuildFile; fileRef = 38F5C57627ED515B00E154C1 /* MainModel.swift */; };
/* End PBXBuildFile section */

/* Begin PBXFileReference section */
		38F5C55727ED509900E154C1 /* BitcoinActPrice.app */ = {isa = PBXFileReference; explicitFileType = wrapper.application; includeInIndex = 0; path = BitcoinActPrice.app; sourceTree = BUILT_PRODUCTS_DIR; };
		38F5C55A27ED509900E154C1 /* BitcoinActPriceApp.swift */ = {isa = PBXFileReference; lastKnownFileType = sourcecode.swift; path = BitcoinActPriceApp.swift; sourceTree = "<group>"; };
		38F5C55C27ED509900E154C1 /* MainView.swift */ = {isa = PBXFileReference; lastKnownFileType = sourcecode.swift; path = MainView.swift; sourceTree = "<group>"; };
		38F5C55E27ED509B00E154C1 /* Assets.xcassets */ = {isa = PBXFileReference; lastKnownFileType = folder.assetcatalog; path = Assets.xcassets; sourceTree = "<group>"; };
		38F5C56127ED509B00E154C1 /* Preview Assets.xcassets */ = {isa = PBXFileReference; lastKnownFileType = folder.assetcatalog; path = "Preview Assets.xcassets"; sourceTree = "<group>"; };
		38F5C56827ED50A600E154C1 /* Info.plist */ = {isa = PBXFileReference; lastKnownFileType = text.plist; path = Info.plist; sourceTree = "<group>"; };
		38F5C57227ED514100E154C1 /* SettingsView.swift */ = {isa = PBXFileReference; lastKnownFileType = sourcecode.swift; path = SettingsView.swift; sourceTree = "<group>"; };
		38F5C57427ED514D00E154C1 /* MainController.swift */ = {isa = PBXFileReference; lastKnownFileType = sourcecode.swift; path = MainController.swift; sourceTree = "<group>"; };
		38F5C57627ED515B00E154C1 /* MainModel.swift */ = {isa = PBXFileReference; lastKnownFileType = sourcecode.swift; path = MainModel.swift; sourceTree = "<group>"; };
/* End PBXFileReference section */

/* Begin PBXFrameworksBuildPhase section */
		38F5C55427ED509900E154C1 /* Frameworks */ = {
			isa = PBXFrameworksBuildPhase;
			buildActionMask = 2147483647;
			files = (
				38F5C56B27ED50BA00E154C1 /* Alamofire in Frameworks */,
				38F5C56E27ED50FA00E154C1 /* SwiftUICharts in Frameworks */,
			);
			runOnlyForDeploymentPostprocessing = 0;
		};
/* End PBXFrameworksBuildPhase section */

/* Begin PBXGroup section */
		38F5C54E27ED509900E154C1 = {
			isa = PBXGroup;
			children = (
				38F5C55927ED509900E154C1 /* BitcoinActPrice */,
				38F5C55827ED509900E154C1 /* Products */,
			);
			sourceTree = "<group>";
		};
		38F5C55827ED509900E154C1 /* Products */ = {
			isa = PBXGroup;
			children = (
				38F5C55727ED509900E154C1 /* BitcoinActPrice.app */,
			);
			name = Products;
			sourceTree = "<group>";
		};
		38F5C55927ED509900E154C1 /* BitcoinActPrice */ = {
			isa = PBXGroup;
			children = (
				38F5C55A27ED509900E154C1 /* BitcoinActPriceApp.swift */,
				38F5C56827ED50A600E154C1 /* Info.plist */,
				38F5C57127ED512700E154C1 /* Model */,
				38F5C57027ED511F00E154C1 /* View */,
				38F5C56F27ED511000E154C1 /* Controller */,
				38F5C56027ED509B00E154C1 /* Preview Content */,
			);
			path = BitcoinActPrice;
			sourceTree = "<group>";
		};
		38F5C56027ED509B00E154C1 /* Preview Content */ = {
			isa = PBXGroup;
			children = (
				38F5C55E27ED509B00E154C1 /* Assets.xcassets */,
				38F5C56127ED509B00E154C1 /* Preview Assets.xcassets */,
			);
			path = "Preview Content";
			sourceTree = "<group>";
		};
		38F5C56F27ED511000E154C1 /* Controller */ = {
			isa = PBXGroup;
			children = (
				38F5C57427ED514D00E154C1 /* MainController.swift */,
			);
			path = Controller;
			sourceTree = "<group>";
		};
		38F5C57027ED511F00E154C1 /* View */ = {
			isa = PBXGroup;
			children = (
				38F5C55C27ED509900E154C1 /* MainView.swift */,
				38F5C57227ED514100E154C1 /* SettingsView.swift */,
			);
			path = View;
			sourceTree = "<group>";
		};
		38F5C57127ED512700E154C1 /* Model */ = {
			isa = PBXGroup;
			children = (
				38F5C57627ED515B00E154C1 /* MainModel.swift */,
			);
			path = Model;
			sourceTree = "<group>";
		};
/* End PBXGroup section */

/* Begin PBXNativeTarget section */
		38F5C55627ED509900E154C1 /* BitcoinActPrice */ = {
			isa = PBXNativeTarget;
			buildConfigurationList = 38F5C56527ED509B00E154C1 /* Build configuration list for PBXNativeTarget "BitcoinActPrice" */;
			buildPhases = (
				38F5C55327ED509900E154C1 /* Sources */,
				38F5C55427ED509900E154C1 /* Frameworks */,
				38F5C55527ED509900E154C1 /* Resources */,
			);
			buildRules = (
			);
			dependencies = (
			);
			name = BitcoinActPrice;
			packageProductDependencies = (
				38F5C56A27ED50BA00E154C1 /* Alamofire */,
				38F5C56D27ED50FA00E154C1 /* SwiftUICharts */,
			);
			productName = BitcoinActPrice;
			productReference = 38F5C55727ED509900E154C1 /* BitcoinActPrice.app */;
			productType = "com.apple.product-type.application";
		};
/* End PBXNativeTarget section */

/* Begin PBXProject section */
		38F5C54F27ED509900E154C1 /* Project object */ = {
			isa = PBXProject;
			attributes = {
				BuildIndependentTargetsInParallel = 1;
				LastSwiftUpdateCheck = 1320;
				LastUpgradeCheck = 1320;
				TargetAttributes = {
					38F5C55627ED509900E154C1 = {
						CreatedOnToolsVersion = 13.2.1;
					};
				};
			};
			buildConfigurationList = 38F5C55227ED509900E154C1 /* Build configuration list for PBXProject "BitcoinActPrice" */;
			compatibilityVersion = "Xcode 13.0";
			developmentRegion = en;
			hasScannedForEncodings = 0;
			knownRegions = (
				en,
				Base,
			);
			mainGroup = 38F5C54E27ED509900E154C1;
			packageReferences = (
				38F5C56927ED50BA00E154C1 /* XCRemoteSwiftPackageReference "Alamofire" */,
				38F5C56C27ED50FA00E154C1 /* XCRemoteSwiftPackageReference "ChartView" */,
			);
			productRefGroup = 38F5C55827ED509900E154C1 /* Products */;
			projectDirPath = "";
			projectRoot = "";
			targets = (
				38F5C55627ED509900E154C1 /* BitcoinActPrice */,
			);
		};
/* End PBXProject section */

/* Begin PBXResourcesBuildPhase section */
		38F5C55527ED509900E154C1 /* Resources */ = {
			isa = PBXResourcesBuildPhase;
			buildActionMask = 2147483647;
			files = (
				38F5C56227ED509B00E154C1 /* Preview Assets.xcassets in Resources */,
				38F5C55F27ED509B00E154C1 /* Assets.xcassets in Resources */,
			);
			runOnlyForDeploymentPostprocessing = 0;
		};
/* End PBXResourcesBuildPhase section */

/* Begin PBXSourcesBuildPhase section */
		38F5C55327ED509900E154C1 /* Sources */ = {
			isa = PBXSourcesBuildPhase;
			buildActionMask = 2147483647;
			files = (
				38F5C57527ED514D00E154C1 /* MainController.swift in Sources */,
				38F5C57327ED514100E154C1 /* SettingsView.swift in Sources */,
				38F5C55D27ED509900E154C1 /* MainView.swift in Sources */,
				38F5C57727ED515B00E154C1 /* MainModel.swift in Sources */,
				38F5C55B27ED509900E154C1 /* BitcoinActPriceApp.swift in Sources */,
			);
			runOnlyForDeploymentPostprocessing = 0;
		};
/* End PBXSourcesBuildPhase section */

/* Begin XCBuildConfiguration section */
		38F5C56327ED509B00E154C1 /* Debug */ = {
			isa = XCBuildConfiguration;
			buildSettings = {
				ALWAYS_SEARCH_USER_PATHS = NO;
				CLANG_ANALYZER_NONNULL = YES;
				CLANG_ANALYZER_NUMBER_OBJECT_CONVERSION = YES_AGGRESSIVE;
				CLANG_CXX_LANGUAGE_STANDARD = "gnu++17";
				CLANG_CXX_LIBRARY = "libc++";
				CLANG_ENABLE_MODULES = YES;
				CLANG_ENABLE_OBJC_ARC = YES;
				CLANG_ENABLE_OBJC_WEAK = YES;
				CLANG_WARN_BLOCK_CAPTURE_AUTORELEASING = YES;
				CLANG_WARN_BOOL_CONVERSION = YES;
				CLANG_WARN_COMMA = YES;
				CLANG_WARN_CONSTANT_CONVERSION = YES;
				CLANG_WARN_DEPRECATED_OBJC_IMPLEMENTATIONS = YES;
				CLANG_WARN_DIRECT_OBJC_ISA_USAGE = YES_ERROR;
				CLANG_WARN_DOCUMENTATION_COMMENTS = YES;
				CLANG_WARN_EMPTY_BODY = YES;
				CLANG_WARN_ENUM_CONVERSION = YES;
				CLANG_WARN_INFINITE_RECURSION = YES;
				CLANG_WARN_INT_CONVERSION = YES;
				CLANG_WARN_NON_LITERAL_NULL_CONVERSION = YES;
				CLANG_WARN_OBJC_IMPLICIT_RETAIN_SELF = YES;
				CLANG_WARN_OBJC_LITERAL_CONVERSION = YES;
				CLANG_WARN_OBJC_ROOT_CLASS = YES_ERROR;
				CLANG_WARN_QUOTED_INCLUDE_IN_FRAMEWORK_HEADER = YES;
				CLANG_WARN_RANGE_LOOP_ANALYSIS = YES;
				CLANG_WARN_STRICT_PROTOTYPES = YES;
				CLANG_WARN_SUSPICIOUS_MOVE = YES;
				CLANG_WARN_UNGUARDED_AVAILABILITY = YES_AGGRESSIVE;
				CLANG_WARN_UNREACHABLE_CODE = YES;
				CLANG_WARN__DUPLICATE_METHOD_MATCH = YES;
				COPY_PHASE_STRIP = NO;
				DEBUG_INFORMATION_FORMAT = dwarf;
				ENABLE_STRICT_OBJC_MSGSEND = YES;
				ENABLE_TESTABILITY = YES;
				GCC_C_LANGUAGE_STANDARD = gnu11;
				GCC_DYNAMIC_NO_PIC = NO;
				GCC_NO_COMMON_BLOCKS = YES;
				GCC_OPTIMIZATION_LEVEL = 0;
				GCC_PREPROCESSOR_DEFINITIONS = (
					"DEBUG=1",
					"$(inherited)",
				);
				GCC_WARN_64_TO_32_BIT_CONVERSION = YES;
				GCC_WARN_ABOUT_RETURN_TYPE = YES_ERROR;
				GCC_WARN_UNDECLARED_SELECTOR = YES;
				GCC_WARN_UNINITIALIZED_AUTOS = YES_AGGRESSIVE;
				GCC_WARN_UNUSED_FUNCTION = YES;
				GCC_WARN_UNUSED_VARIABLE = YES;
				IPHONEOS_DEPLOYMENT_TARGET = 15.2;
				MTL_ENABLE_DEBUG_INFO = INCLUDE_SOURCE;
				MTL_FAST_MATH = YES;
				ONLY_ACTIVE_ARCH = YES;
				SDKROOT = iphoneos;
				SWIFT_ACTIVE_COMPILATION_CONDITIONS = DEBUG;
				SWIFT_OPTIMIZATION_LEVEL = "-Onone";
			};
			name = Debug;
		};
		38F5C56427ED509B00E154C1 /* Release */ = {
			isa = XCBuildConfiguration;
			buildSettings = {
				ALWAYS_SEARCH_USER_PATHS = NO;
				CLANG_ANALYZER_NONNULL = YES;
				CLANG_ANALYZER_NUMBER_OBJECT_CONVERSION = YES_AGGRESSIVE;
				CLANG_CXX_LANGUAGE_STANDARD = "gnu++17";
				CLANG_CXX_LIBRARY = "libc++";
				CLANG_ENABLE_MODULES = YES;
				CLANG_ENABLE_OBJC_ARC = YES;
				CLANG_ENABLE_OBJC_WEAK = YES;
				CLANG_WARN_BLOCK_CAPTURE_AUTORELEASING = YES;
				CLANG_WARN_BOOL_CONVERSION = YES;
				CLANG_WARN_COMMA = YES;
				CLANG_WARN_CONSTANT_CONVERSION = YES;
				CLANG_WARN_DEPRECATED_OBJC_IMPLEMENTATIONS = YES;
				CLANG_WARN_DIRECT_OBJC_ISA_USAGE = YES_ERROR;
				CLANG_WARN_DOCUMENTATION_COMMENTS = YES;
				CLANG_WARN_EMPTY_BODY = YES;
				CLANG_WARN_ENUM_CONVERSION = YES;
				CLANG_WARN_INFINITE_RECURSION = YES;
				CLANG_WARN_INT_CONVERSION = YES;
				CLANG_WARN_NON_LITERAL_NULL_CONVERSION = YES;
				CLANG_WARN_OBJC_IMPLICIT_RETAIN_SELF = YES;
				CLANG_WARN_OBJC_LITERAL_CONVERSION = YES;
				CLANG_WARN_OBJC_ROOT_CLASS = YES_ERROR;
				CLANG_WARN_QUOTED_INCLUDE_IN_FRAMEWORK_HEADER = YES;
				CLANG_WARN_RANGE_LOOP_ANALYSIS = YES;
				CLANG_WARN_STRICT_PROTOTYPES = YES;
				CLANG_WARN_SUSPICIOUS_MOVE = YES;
				CLANG_WARN_UNGUARDED_AVAILABILITY = YES_AGGRESSIVE;
				CLANG_WARN_UNREACHABLE_CODE = YES;
				CLANG_WARN__DUPLICATE_METHOD_MATCH = YES;
				COPY_PHASE_STRIP = NO;
				DEBUG_INFORMATION_FORMAT = "dwarf-with-dsym";
				ENABLE_NS_ASSERTIONS = NO;
				ENABLE_STRICT_OBJC_MSGSEND = YES;
				GCC_C_LANGUAGE_STANDARD = gnu11;
				GCC_NO_COMMON_BLOCKS = YES;
				GCC_WARN_64_TO_32_BIT_CONVERSION = YES;
				GCC_WARN_ABOUT_RETURN_TYPE = YES_ERROR;
				GCC_WARN_UNDECLARED_SELECTOR = YES;
				GCC_WARN_UNINITIALIZED_AUTOS = YES_AGGRESSIVE;
				GCC_WARN_UNUSED_FUNCTION = YES;
				GCC_WARN_UNUSED_VARIABLE = YES;
				IPHONEOS_DEPLOYMENT_TARGET = 15.2;
				MTL_ENABLE_DEBUG_INFO = NO;
				MTL_FAST_MATH = YES;
				SDKROOT = iphoneos;
				SWIFT_COMPILATION_MODE = wholemodule;
				SWIFT_OPTIMIZATION_LEVEL = "-O";
				VALIDATE_PRODUCT = YES;
			};
			name = Release;
		};
		38F5C56627ED509B00E154C1 /* Debug */ = {
			isa = XCBuildConfiguration;
			buildSettings = {
				ASSETCATALOG_COMPILER_APPICON_NAME = AppIcon;
				ASSETCATALOG_COMPILER_GLOBAL_ACCENT_COLOR_NAME = AccentColor;
				CODE_SIGN_STYLE = Automatic;
				CURRENT_PROJECT_VERSION = 1;
				DEVELOPMENT_ASSET_PATHS = "\"BitcoinActPrice/Preview Content\"";
				DEVELOPMENT_TEAM = 3PQ52R8GJN;
				ENABLE_PREVIEWS = YES;
				GENERATE_INFOPLIST_FILE = YES;
				INFOPLIST_FILE = BitcoinActPrice/Info.plist;
				INFOPLIST_KEY_UIApplicationSceneManifest_Generation = YES;
				INFOPLIST_KEY_UIApplicationSupportsIndirectInputEvents = YES;
				INFOPLIST_KEY_UILaunchScreen_Generation = YES;
				INFOPLIST_KEY_UISupportedInterfaceOrientations_iPad = "UIInterfaceOrientationPortrait UIInterfaceOrientationPortraitUpsideDown UIInterfaceOrientationLandscapeLeft UIInterfaceOrientationLandscapeRight";
				INFOPLIST_KEY_UISupportedInterfaceOrientations_iPhone = "UIInterfaceOrientationPortrait UIInterfaceOrientationLandscapeLeft UIInterfaceOrientationLandscapeRight";
				LD_RUNPATH_SEARCH_PATHS = (
					"$(inherited)",
					"@executable_path/Frameworks",
				);
				MARKETING_VERSION = 1.0;
				PRODUCT_BUNDLE_IDENTIFIER = dysssya.BitcoinActPrice;
				PRODUCT_NAME = "$(TARGET_NAME)";
				SWIFT_EMIT_LOC_STRINGS = YES;
				SWIFT_VERSION = 5.0;
				TARGETED_DEVICE_FAMILY = "1,2";
			};
			name = Debug;
		};
		38F5C56727ED509B00E154C1 /* Release */ = {
			isa = XCBuildConfiguration;
			buildSettings = {
				ASSETCATALOG_COMPILER_APPICON_NAME = AppIcon;
				ASSETCATALOG_COMPILER_GLOBAL_ACCENT_COLOR_NAME = AccentColor;
				CODE_SIGN_STYLE = Automatic;
				CURRENT_PROJECT_VERSION = 1;
				DEVELOPMENT_ASSET_PATHS = "\"BitcoinActPrice/Preview Content\"";
				DEVELOPMENT_TEAM = 3PQ52R8GJN;
				ENABLE_PREVIEWS = YES;
				GENERATE_INFOPLIST_FILE = YES;
				INFOPLIST_FILE = BitcoinActPrice/Info.plist;
				INFOPLIST_KEY_UIApplicationSceneManifest_Generation = YES;
				INFOPLIST_KEY_UIApplicationSupportsIndirectInputEvents = YES;
				INFOPLIST_KEY_UILaunchScreen_Generation = YES;
				INFOPLIST_KEY_UISupportedInterfaceOrientations_iPad = "UIInterfaceOrientationPortrait UIInterfaceOrientationPortraitUpsideDown UIInterfaceOrientationLandscapeLeft UIInterfaceOrientationLandscapeRight";
				INFOPLIST_KEY_UISupportedInterfaceOrientations_iPhone = "UIInterfaceOrientationPortrait UIInterfaceOrientationLandscapeLeft UIInterfaceOrientationLandscapeRight";
				LD_RUNPATH_SEARCH_PATHS = (
					"$(inherited)",
					"@executable_path/Frameworks",
				);
				MARKETING_VERSION = 1.0;
				PRODUCT_BUNDLE_IDENTIFIER = dysssya.BitcoinActPrice;
				PRODUCT_NAME = "$(TARGET_NAME)";
				SWIFT_EMIT_LOC_STRINGS = YES;
				SWIFT_VERSION = 5.0;
				TARGETED_DEVICE_FAMILY = "1,2";
			};
			name = Release;
		};
/* End XCBuildConfiguration section */

/* Begin XCConfigurationList section */
		38F5C55227ED509900E154C1 /* Build configuration list for PBXProject "BitcoinActPrice" */ = {
			isa = XCConfigurationList;
			buildConfigurations = (
				38F5C56327ED509B00E154C1 /* Debug */,
				38F5C56427ED509B00E154C1 /* Release */,
			);
			defaultConfigurationIsVisible = 0;
			defaultConfigurationName = Release;
		};
		38F5C56527ED509B00E154C1 /* Build configuration list for PBXNativeTarget "BitcoinActPrice" */ = {
			isa = XCConfigurationList;
			buildConfigurations = (
				38F5C56627ED509B00E154C1 /* Debug */,
				38F5C56727ED509B00E154C1 /* Release */,
			);
			defaultConfigurationIsVisible = 0;
			defaultConfigurationName = Release;
		};
/* End XCConfigurationList section */

/* Begin XCRemoteSwiftPackageReference section */
		38F5C56927ED50BA00E154C1 /* XCRemoteSwiftPackageReference "Alamofire" */ = {
			isa = XCRemoteSwiftPackageReference;
			repositoryURL = "https://github.com/Alamofire/Alamofire";
			requirement = {
				branch = master;
				kind = branch;
			};
		};
		38F5C56C27ED50FA00E154C1 /* XCRemoteSwiftPackageReference "ChartView" */ = {
			isa = XCRemoteSwiftPackageReference;
			repositoryURL = "https://github.com/AppPear/ChartView";
			requirement = {
				kind = upToNextMajorVersion;
				minimumVersion = 1.0.0;
			};
		};
/* End XCRemoteSwiftPackageReference section */

/* Begin XCSwiftPackageProductDependency section */
		38F5C56A27ED50BA00E154C1 /* Alamofire */ = {
			isa = XCSwiftPackageProductDependency;
			package = 38F5C56927ED50BA00E154C1 /* XCRemoteSwiftPackageReference "Alamofire" */;
			productName = Alamofire;
		};
		38F5C56D27ED50FA00E154C1 /* SwiftUICharts */ = {
			isa = XCSwiftPackageProductDependency;
			package = 38F5C56C27ED50FA00E154C1 /* XCRemoteSwiftPackageReference "ChartView" */;
			productName = SwiftUICharts;
		};
/* End XCSwiftPackageProductDependency section */
	};
	rootObject = 38F5C54F27ED509900E154C1 /* Project object */;
}
